
Microsoft Visual Studio Solution File, Format Version 12.00
# Visual Studio Version 17
VisualStudioVersion = 17.4.33110.190
MinimumVisualStudioVersion = 10.0.40219.1
Project("{9A19103F-16F7-4668-BE54-9A1E7A4F7556}") = "wpf_mvvm_first_look", "wpf_mvvm_first_look.csproj", "{BF3B428D-DD2A-4A87-946B-ECA23FD1585D}"
EndProject
Global
	GlobalSection(SolutionConfigurationPlatforms) = preSolution
		Debug|Any CPU = Debug|Any CPU
		Release|Any CPU = Release|Any CPU
	EndGlobalSection
	GlobalSection(ProjectConfigurationPlatforms) = postSolution
		{BF3B428D-DD2A-4A87-946B-ECA23FD1585D}.Debug|Any CPU.ActiveCfg = Debug|Any CPU
		{BF3B428D-DD2A-4A87-946B-ECA23FD1585D}.Debug|Any CPU.Build.0 = Debug|Any CPU
		{BF3B428D-DD2A-4A87-946B-ECA23FD1585D}.Release|Any CPU.ActiveCfg = Release|Any CPU
		{BF3B428D-DD2A-4A87-946B-ECA23FD1585D}.Release|Any CPU.Build.0 = Release|Any CPU
	EndGlobalSection
	GlobalSection(SolutionProperties) = preSolution
		HideSolutionNode = FALSE
	EndGlobalSection
	GlobalSection(ExtensibilityGlobals) = postSolution
		SolutionGuid = {20E10111-D869-4543-838D-13C94D23608E}
	EndGlobalSection
EndGlobal
